
Microsoft Visual Studio Solution File, Format Version 12.00
# Visual Studio Version 17
VisualStudioVersion = 17.2.32526.322
MinimumVisualStudioVersion = 10.0.40219.1
Project("{FAE04EC0-301F-11D3-BF4B-00C04F79EFBC}") = "Class and bases", "Class and bases\Class and bases.csproj", "{B457AAE4-3193-4EFF-8563-C9BC43441B21}"
EndProject
Global
	GlobalSection(SolutionConfigurationPlatforms) = preSolution
		Debug|Any CPU = Debug|Any CPU
		Release|Any CPU = Release|Any CPU
	EndGlobalSection
	GlobalSection(ProjectConfigurationPlatforms) = postSolution
		{B457AAE4-3193-4EFF-8563-C9BC43441B21}.Debug|Any CPU.ActiveCfg = Debug|Any CPU
		{B457AAE4-3193-4EFF-8563-C9BC43441B21}.Debug|Any CPU.Build.0 = Debug|Any CPU
		{B457AAE4-3193-4EFF-8563-C9BC43441B21}.Release|Any CPU.ActiveCfg = Release|Any CPU
		{B457AAE4-3193-4EFF-8563-C9BC43441B21}.Release|Any CPU.Build.0 = Release|Any CPU
	EndGlobalSection
	GlobalSection(SolutionProperties) = preSolution
		HideSolutionNode = FALSE
	EndGlobalSection
	GlobalSection(ExtensibilityGlobals) = postSolution
		SolutionGuid = {2FD48F71-DA4C-4C8B-A70E-99605E1867AC}
	EndGlobalSection
EndGlobal
